{
  "name": "@freedomsex/service-worker",
  "version": "0.1.5",
  "lockfileVersion": 1,
  "requires": true,
  "dependencies": {
    "import-modules": {
      "version": "2.0.0",
      "resolved": "https://registry.npmjs.org/import-modules/-/import-modules-2.0.0.tgz",
      "integrity": "sha512-iczM/v9drffdNnABOKwj0f9G3cFDon99VcG1mxeBsdqnbd+vnQ5c2uAiCHNQITqFTOPaEvwg3VjoWCur0uHLEw=="
    },
    "underscore": {
      "version": "1.12.1",
      "resolved": "https://registry.npmjs.org/underscore/-/underscore-1.12.1.tgz",
      "integrity": "sha512-hEQt0+ZLDVUMhebKxL4x1BTtDY7bavVofhZ9KZ4aI26X9SRaE+Y3m83XUL1UP2jn8ynjndwCCpEHdUG+9pP1Tw=="
    }
  }
}
