{
  "name": "@freedomsex/service-worker",
  "version": "0.1.2",
  "lockfileVersion": 1,
  "requires": true,
  "dependencies": {
    "import-modules": {
      "version": "2.0.0",
      "resolved": "https://registry.npmjs.org/import-modules/-/import-modules-2.0.0.tgz",
      "integrity": "sha512-iczM/v9drffdNnABOKwj0f9G3cFDon99VcG1mxeBsdqnbd+vnQ5c2uAiCHNQITqFTOPaEvwg3VjoWCur0uHLEw=="
    },
    "underscore": {
      "version": "1.11.0",
      "resolved": "https://registry.npmjs.org/underscore/-/underscore-1.11.0.tgz",
      "integrity": "sha512-xY96SsN3NA461qIRKZ/+qox37YXPtSBswMGfiNptr+wrt6ds4HaMw23TP612fEyGekRE6LNRiLYr/aqbHXNedw=="
    }
  }
}
